// !$*UTF8*$!
{
	archiveVersion = 1;
	classes = {
	};
	objectVersion = 46;
	objects = {

/* Begin PBXBuildFile section */
		F4EB00211F8287CD00F19435 /* AppDelegate.swift in Sources */ = {isa = PBXBuildFile; fileRef = F4EB00201F8287CD00F19435 /* AppDelegate.swift */; };
		F4EB00231F8287CD00F19435 /* ViewController.swift in Sources */ = {isa = PBXBuildFile; fileRef = F4EB00221F8287CD00F19435 /* ViewController.swift */; };
		F4EB00261F8287CD00F19435 /* Main.storyboard in Resources */ = {isa = PBXBuildFile; fileRef = F4EB00241F8287CD00F19435 /* Main.storyboard */; };
		F4EB00281F8287CD00F19435 /* Assets.xcassets in Resources */ = {isa = PBXBuildFile; fileRef = F4EB00271F8287CD00F19435 /* Assets.xcassets */; };
		F4EB002B1F8287CD00F19435 /* LaunchScreen.storyboard in Resources */ = {isa = PBXBuildFile; fileRef = F4EB00291F8287CD00F19435 /* LaunchScreen.storyboard */; };
		F4EB00361F8287CD00F19435 /* TestfulAppTests.swift in Sources */ = {isa = PBXBuildFile; fileRef = F4EB00351F8287CD00F19435 /* TestfulAppTests.swift */; };
		F4EB00411F8287CD00F19435 /* TestfulAppUITests.swift in Sources */ = {isa = PBXBuildFile; fileRef = F4EB00401F8287CD00F19435 /* TestfulAppUITests.swift */; };
/* End PBXBuildFile section */

/* Begin PBXContainerItemProxy section */
		F4EB00321F8287CD00F19435 /* PBXContainerItemProxy */ = {
			isa = PBXContainerItemProxy;
			containerPortal = F4EB00151F8287CD00F19435 /* Project object */;
			proxyType = 1;
			remoteGlobalIDString = F4EB001C1F8287CD00F19435;
			remoteInfo = TestfulApp;
		};
		F4EB003D1F8287CD00F19435 /* PBXContainerItemProxy */ = {
			isa = PBXContainerItemProxy;
			containerPortal = F4EB00151F8287CD00F19435 /* Project object */;
			proxyType = 1;
			remoteGlobalIDString = F4EB001C1F8287CD00F19435;
			remoteInfo = TestfulApp;
		};
/* End PBXContainerItemProxy section */

/* Begin PBXFileReference section */
		F4EB001D1F8287CD00F19435 /* TestfulApp.app */ = {isa = PBXFileReference; explicitFileType = wrapper.application; includeInIndex = 0; path = TestfulApp.app; sourceTree = BUILT_PRODUCTS_DIR; };
		F4EB00201F8287CD00F19435 /* AppDelegate.swift */ = {isa = PBXFileReference; lastKnownFileType = sourcecode.swift; path = AppDelegate.swift; sourceTree = "<group>"; };
		F4EB00221F8287CD00F19435 /* ViewController.swift */ = {isa = PBXFileReference; lastKnownFileType = sourcecode.swift; path = ViewController.swift; sourceTree = "<group>"; };
		F4EB00251F8287CD00F19435 /* Base */ = {isa = PBXFileReference; lastKnownFileType = file.storyboard; name = Base; path = Base.lproj/Main.storyboard; sourceTree = "<group>"; };
		F4EB00271F8287CD00F19435 /* Assets.xcassets */ = {isa = PBXFileReference; lastKnownFileType = folder.assetcatalog; path = Assets.xcassets; sourceTree = "<group>"; };
		F4EB002A1F8287CD00F19435 /* Base */ = {isa = PBXFileReference; lastKnownFileType = file.storyboard; name = Base; path = Base.lproj/LaunchScreen.storyboard; sourceTree = "<group>"; };
		F4EB002C1F8287CD00F19435 /* Info.plist */ = {isa = PBXFileReference; lastKnownFileType = text.plist.xml; path = Info.plist; sourceTree = "<group>"; };
		F4EB00311F8287CD00F19435 /* TestfulAppTests.xctest */ = {isa = PBXFileReference; explicitFileType = wrapper.cfbundle; includeInIndex = 0; path = TestfulAppTests.xctest; sourceTree = BUILT_PRODUCTS_DIR; };
		F4EB00351F8287CD00F19435 /* TestfulAppTests.swift */ = {isa = PBXFileReference; lastKnownFileType = sourcecode.swift; path = TestfulAppTests.swift; sourceTree = "<group>"; };
		F4EB00371F8287CD00F19435 /* Info.plist */ = {isa = PBXFileReference; lastKnownFileType = text.plist.xml; path = Info.plist; sourceTree = "<group>"; };
		F4EB003C1F8287CD00F19435 /* TestfulAppUITests.xctest */ = {isa = PBXFileReference; explicitFileType = wrapper.cfbundle; includeInIndex = 0; path = TestfulAppUITests.xctest; sourceTree = BUILT_PRODUCTS_DIR; };
		F4EB00401F8287CD00F19435 /* TestfulAppUITests.swift */ = {isa = PBXFileReference; lastKnownFileType = sourcecode.swift; path = TestfulAppUITests.swift; sourceTree = "<group>"; };
		F4EB00421F8287CD00F19435 /* Info.plist */ = {isa = PBXFileReference; lastKnownFileType = text.plist.xml; path = Info.plist; sourceTree = "<group>"; };
/* End PBXFileReference section */

/* Begin PBXFrameworksBuildPhase section */
		F4EB001A1F8287CD00F19435 /* Frameworks */ = {
			isa = PBXFrameworksBuildPhase;
			buildActionMask = 2147483647;
			files = (
			);
			runOnlyForDeploymentPostprocessing = 0;
		};
		F4EB002E1F8287CD00F19435 /* Frameworks */ = {
			isa = PBXFrameworksBuildPhase;
			buildActionMask = 2147483647;
			files = (
			);
			runOnlyForDeploymentPostprocessing = 0;
		};
		F4EB00391F8287CD00F19435 /* Frameworks */ = {
			isa = PBXFrameworksBuildPhase;
			buildActionMask = 2147483647;
			files = (
			);
			runOnlyForDeploymentPostprocessing = 0;
		};
/* End PBXFrameworksBuildPhase section */

/* Begin PBXGroup section */
		F4EB00141F8287CD00F19435 = {
			isa = PBXGroup;
			children = (
				F4EB001F1F8287CD00F19435 /* TestfulApp */,
				F4EB00341F8287CD00F19435 /* TestfulAppTests */,
				F4EB003F1F8287CD00F19435 /* TestfulAppUITests */,
				F4EB001E1F8287CD00F19435 /* Products */,
			);
			sourceTree = "<group>";
		};
		F4EB001E1F8287CD00F19435 /* Products */ = {
			isa = PBXGroup;
			children = (
				F4EB001D1F8287CD00F19435 /* TestfulApp.app */,
				F4EB00311F8287CD00F19435 /* TestfulAppTests.xctest */,
				F4EB003C1F8287CD00F19435 /* TestfulAppUITests.xctest */,
			);
			name = Products;
			sourceTree = "<group>";
		};
		F4EB001F1F8287CD00F19435 /* TestfulApp */ = {
			isa = PBXGroup;
			children = (
				F4EB00201F8287CD00F19435 /* AppDelegate.swift */,
				F4EB00221F8287CD00F19435 /* ViewController.swift */,
				F4EB00241F8287CD00F19435 /* Main.storyboard */,
				F4EB00271F8287CD00F19435 /* Assets.xcassets */,
				F4EB00291F8287CD00F19435 /* LaunchScreen.storyboard */,
				F4EB002C1F8287CD00F19435 /* Info.plist */,
			);
			path = TestfulApp;
			sourceTree = "<group>";
		};
		F4EB00341F8287CD00F19435 /* TestfulAppTests */ = {
			isa = PBXGroup;
			children = (
				F4EB00351F8287CD00F19435 /* TestfulAppTests.swift */,
				F4EB00371F8287CD00F19435 /* Info.plist */,
			);
			path = TestfulAppTests;
			sourceTree = "<group>";
		};
		F4EB003F1F8287CD00F19435 /* TestfulAppUITests */ = {
			isa = PBXGroup;
			children = (
				F4EB00401F8287CD00F19435 /* TestfulAppUITests.swift */,
				F4EB00421F8287CD00F19435 /* Info.plist */,
			);
			path = TestfulAppUITests;
			sourceTree = "<group>";
		};
/* End PBXGroup section */

/* Begin PBXNativeTarget section */
		F4EB001C1F8287CD00F19435 /* TestfulApp */ = {
			isa = PBXNativeTarget;
			buildConfigurationList = F4EB00451F8287CD00F19435 /* Build configuration list for PBXNativeTarget "TestfulApp" */;
			buildPhases = (
				F4EB00191F8287CD00F19435 /* Sources */,
				F4EB001A1F8287CD00F19435 /* Frameworks */,
				F4EB001B1F8287CD00F19435 /* Resources */,
			);
			buildRules = (
			);
			dependencies = (
			);
			name = TestfulApp;
			productName = TestfulApp;
			productReference = F4EB001D1F8287CD00F19435 /* TestfulApp.app */;
			productType = "com.apple.product-type.application";
		};
		F4EB00301F8287CD00F19435 /* TestfulAppTests */ = {
			isa = PBXNativeTarget;
			buildConfigurationList = F4EB00481F8287CD00F19435 /* Build configuration list for PBXNativeTarget "TestfulAppTests" */;
			buildPhases = (
				F4EB002D1F8287CD00F19435 /* Sources */,
				F4EB002E1F8287CD00F19435 /* Frameworks */,
				F4EB002F1F8287CD00F19435 /* Resources */,
			);
			buildRules = (
			);
			dependencies = (
				F4EB00331F8287CD00F19435 /* PBXTargetDependency */,
			);
			name = TestfulAppTests;
			productName = TestfulAppTests;
			productReference = F4EB00311F8287CD00F19435 /* TestfulAppTests.xctest */;
			productType = "com.apple.product-type.bundle.unit-test";
		};
		F4EB003B1F8287CD00F19435 /* TestfulAppUITests */ = {
			isa = PBXNativeTarget;
			buildConfigurationList = F4EB004B1F8287CD00F19435 /* Build configuration list for PBXNativeTarget "TestfulAppUITests" */;
			buildPhases = (
				F4EB00381F8287CD00F19435 /* Sources */,
				F4EB00391F8287CD00F19435 /* Frameworks */,
				F4EB003A1F8287CD00F19435 /* Resources */,
			);
			buildRules = (
			);
			dependencies = (
				F4EB003E1F8287CD00F19435 /* PBXTargetDependency */,
			);
			name = TestfulAppUITests;
			productName = TestfulAppUITests;
			productReference = F4EB003C1F8287CD00F19435 /* TestfulAppUITests.xctest */;
			productType = "com.apple.product-type.bundle.ui-testing";
		};
/* End PBXNativeTarget section */

/* Begin PBXProject section */
		F4EB00151F8287CD00F19435 /* Project object */ = {
			isa = PBXProject;
			attributes = {
				LastSwiftUpdateCheck = 0830;
				LastUpgradeCheck = 0830;
				ORGANIZATIONNAME = Home;
				TargetAttributes = {
					F4EB001C1F8287CD00F19435 = {
						CreatedOnToolsVersion = 8.3.3;
						ProvisioningStyle = Automatic;
					};
					F4EB00301F8287CD00F19435 = {
						CreatedOnToolsVersion = 8.3.3;
						ProvisioningStyle = Automatic;
						TestTargetID = F4EB001C1F8287CD00F19435;
					};
					F4EB003B1F8287CD00F19435 = {
						CreatedOnToolsVersion = 8.3.3;
						ProvisioningStyle = Automatic;
						TestTargetID = F4EB001C1F8287CD00F19435;
					};
				};
			};
			buildConfigurationList = F4EB00181F8287CD00F19435 /* Build configuration list for PBXProject "TestfulApp" */;
			compatibilityVersion = "Xcode 3.2";
			developmentRegion = English;
			hasScannedForEncodings = 0;
			knownRegions = (
				en,
				Base,
			);
			mainGroup = F4EB00141F8287CD00F19435;
			productRefGroup = F4EB001E1F8287CD00F19435 /* Products */;
			projectDirPath = "";
			projectRoot = "";
			targets = (
				F4EB001C1F8287CD00F19435 /* TestfulApp */,
				F4EB00301F8287CD00F19435 /* TestfulAppTests */,
				F4EB003B1F8287CD00F19435 /* TestfulAppUITests */,
			);
		};
/* End PBXProject section */

/* Begin PBXResourcesBuildPhase section */
		F4EB001B1F8287CD00F19435 /* Resources */ = {
			isa = PBXResourcesBuildPhase;
			buildActionMask = 2147483647;
			files = (
				F4EB002B1F8287CD00F19435 /* LaunchScreen.storyboard in Resources */,
				F4EB00281F8287CD00F19435 /* Assets.xcassets in Resources */,
				F4EB00261F8287CD00F19435 /* Main.storyboard in Resources */,
			);
			runOnlyForDeploymentPostprocessing = 0;
		};
		F4EB002F1F8287CD00F19435 /* Resources */ = {
			isa = PBXResourcesBuildPhase;
			buildActionMask = 2147483647;
			files = (
			);
			runOnlyForDeploymentPostprocessing = 0;
		};
		F4EB003A1F8287CD00F19435 /* Resources */ = {
			isa = PBXResourcesBuildPhase;
			buildActionMask = 2147483647;
			files = (
			);
			runOnlyForDeploymentPostprocessing = 0;
		};
/* End PBXResourcesBuildPhase section */

/* Begin PBXSourcesBuildPhase section */
		F4EB00191F8287CD00F19435 /* Sources */ = {
			isa = PBXSourcesBuildPhase;
			buildActionMask = 2147483647;
			files = (
				F4EB00231F8287CD00F19435 /* ViewController.swift in Sources */,
				F4EB00211F8287CD00F19435 /* AppDelegate.swift in Sources */,
			);
			runOnlyForDeploymentPostprocessing = 0;
		};
		F4EB002D1F8287CD00F19435 /* Sources */ = {
			isa = PBXSourcesBuildPhase;
			buildActionMask = 2147483647;
			files = (
				F4EB00361F8287CD00F19435 /* TestfulAppTests.swift in Sources */,
			);
			runOnlyForDeploymentPostprocessing = 0;
		};
		F4EB00381F8287CD00F19435 /* Sources */ = {
			isa = PBXSourcesBuildPhase;
			buildActionMask = 2147483647;
			files = (
				F4EB00411F8287CD00F19435 /* TestfulAppUITests.swift in Sources */,
			);
			runOnlyForDeploymentPostprocessing = 0;
		};
/* End PBXSourcesBuildPhase section */

/* Begin PBXTargetDependency section */
		F4EB00331F8287CD00F19435 /* PBXTargetDependency */ = {
			isa = PBXTargetDependency;
			target = F4EB001C1F8287CD00F19435 /* TestfulApp */;
			targetProxy = F4EB00321F8287CD00F19435 /* PBXContainerItemProxy */;
		};
		F4EB003E1F8287CD00F19435 /* PBXTargetDependency */ = {
			isa = PBXTargetDependency;
			target = F4EB001C1F8287CD00F19435 /* TestfulApp */;
			targetProxy = F4EB003D1F8287CD00F19435 /* PBXContainerItemProxy */;
		};
/* End PBXTargetDependency section */

/* Begin PBXVariantGroup section */
		F4EB00241F8287CD00F19435 /* Main.storyboard */ = {
			isa = PBXVariantGroup;
			children = (
				F4EB00251F8287CD00F19435 /* Base */,
			);
			name = Main.storyboard;
			sourceTree = "<group>";
		};
		F4EB00291F8287CD00F19435 /* LaunchScreen.storyboard */ = {
			isa = PBXVariantGroup;
			children = (
				F4EB002A1F8287CD00F19435 /* Base */,
			);
			name = LaunchScreen.storyboard;
			sourceTree = "<group>";
		};
/* End PBXVariantGroup section */

/* Begin XCBuildConfiguration section */
		F4EB00431F8287CD00F19435 /* Debug */ = {
			isa = XCBuildConfiguration;
			buildSettings = {
				ALWAYS_SEARCH_USER_PATHS = NO;
				CLANG_ANALYZER_NONNULL = YES;
				CLANG_ANALYZER_NUMBER_OBJECT_CONVERSION = YES_AGGRESSIVE;
				CLANG_CXX_LANGUAGE_STANDARD = "gnu++0x";
				CLANG_CXX_LIBRARY = "libc++";
				CLANG_ENABLE_MODULES = YES;
				CLANG_ENABLE_OBJC_ARC = YES;
				CLANG_WARN_BOOL_CONVERSION = YES;
				CLANG_WARN_CONSTANT_CONVERSION = YES;
				CLANG_WARN_DIRECT_OBJC_ISA_USAGE = YES_ERROR;
				CLANG_WARN_DOCUMENTATION_COMMENTS = YES;
				CLANG_WARN_EMPTY_BODY = YES;
				CLANG_WARN_ENUM_CONVERSION = YES;
				CLANG_WARN_INFINITE_RECURSION = YES;
				CLANG_WARN_INT_CONVERSION = YES;
				CLANG_WARN_OBJC_ROOT_CLASS = YES_ERROR;
				CLANG_WARN_SUSPICIOUS_MOVE = YES;
				CLANG_WARN_UNREACHABLE_CODE = YES;
				CLANG_WARN__DUPLICATE_METHOD_MATCH = YES;
				"CODE_SIGN_IDENTITY[sdk=iphoneos*]" = "iPhone Developer";
				COPY_PHASE_STRIP = NO;
				DEBUG_INFORMATION_FORMAT = dwarf;
				ENABLE_STRICT_OBJC_MSGSEND = YES;
				ENABLE_TESTABILITY = YES;
				GCC_C_LANGUAGE_STANDARD = gnu99;
				GCC_DYNAMIC_NO_PIC = NO;
				GCC_NO_COMMON_BLOCKS = YES;
				GCC_OPTIMIZATION_LEVEL = 0;
				GCC_PREPROCESSOR_DEFINITIONS = (
					"DEBUG=1",
					"$(inherited)",
				);
				GCC_WARN_64_TO_32_BIT_CONVERSION = YES;
				GCC_WARN_ABOUT_RETURN_TYPE = YES_ERROR;
				GCC_WARN_UNDECLARED_SELECTOR = YES;
				GCC_WARN_UNINITIALIZED_AUTOS = YES_AGGRESSIVE;
				GCC_WARN_UNUSED_FUNCTION = YES;
				GCC_WARN_UNUSED_VARIABLE = YES;
				IPHONEOS_DEPLOYMENT_TARGET = 10.3;
				MTL_ENABLE_DEBUG_INFO = YES;
				ONLY_ACTIVE_ARCH = YES;
				SDKROOT = iphoneos;
				SWIFT_ACTIVE_COMPILATION_CONDITIONS = DEBUG;
				SWIFT_OPTIMIZATION_LEVEL = "-Onone";
			};
			name = Debug;
		};
		F4EB00441F8287CD00F19435 /* Release */ = {
			isa = XCBuildConfiguration;
			buildSettings = {
				ALWAYS_SEARCH_USER_PATHS = NO;
				CLANG_ANALYZER_NONNULL = YES;
				CLANG_ANALYZER_NUMBER_OBJECT_CONVERSION = YES_AGGRESSIVE;
				CLANG_CXX_LANGUAGE_STANDARD = "gnu++0x";
				CLANG_CXX_LIBRARY = "libc++";
				CLANG_ENABLE_MODULES = YES;
				CLANG_ENABLE_OBJC_ARC = YES;
				CLANG_WARN_BOOL_CONVERSION = YES;
				CLANG_WARN_CONSTANT_CONVERSION = YES;
				CLANG_WARN_DIRECT_OBJC_ISA_USAGE = YES_ERROR;
				CLANG_WARN_DOCUMENTATION_COMMENTS = YES;
				CLANG_WARN_EMPTY_BODY = YES;
				CLANG_WARN_ENUM_CONVERSION = YES;
				CLANG_WARN_INFINITE_RECURSION = YES;
				CLANG_WARN_INT_CONVERSION = YES;
				CLANG_WARN_OBJC_ROOT_CLASS = YES_ERROR;
				CLANG_WARN_SUSPICIOUS_MOVE = YES;
				CLANG_WARN_UNREACHABLE_CODE = YES;
				CLANG_WARN__DUPLICATE_METHOD_MATCH = YES;
				"CODE_SIGN_IDENTITY[sdk=iphoneos*]" = "iPhone Developer";
				COPY_PHASE_STRIP = NO;
				DEBUG_INFORMATION_FORMAT = "dwarf-with-dsym";
				ENABLE_NS_ASSERTIONS = NO;
				ENABLE_STRICT_OBJC_MSGSEND = YES;
				GCC_C_LANGUAGE_STANDARD = gnu99;
				GCC_NO_COMMON_BLOCKS = YES;
				GCC_WARN_64_TO_32_BIT_CONVERSION = YES;
				GCC_WARN_ABOUT_RETURN_TYPE = YES_ERROR;
				GCC_WARN_UNDECLARED_SELECTOR = YES;
				GCC_WARN_UNINITIALIZED_AUTOS = YES_AGGRESSIVE;
				GCC_WARN_UNUSED_FUNCTION = YES;
				GCC_WARN_UNUSED_VARIABLE = YES;
				IPHONEOS_DEPLOYMENT_TARGET = 10.3;
				MTL_ENABLE_DEBUG_INFO = NO;
				SDKROOT = iphoneos;
				SWIFT_OPTIMIZATION_LEVEL = "-Owholemodule";
				VALIDATE_PRODUCT = YES;
			};
			name = Release;
		};
		F4EB00461F8287CD00F19435 /* Debug */ = {
			isa = XCBuildConfiguration;
			buildSettings = {
				ASSETCATALOG_COMPILER_APPICON_NAME = AppIcon;
				INFOPLIST_FILE = TestfulApp/Info.plist;
				LD_RUNPATH_SEARCH_PATHS = "$(inherited) @executable_path/Frameworks";
				PRODUCT_BUNDLE_IDENTIFIER = com.dntuanvu.TestfulApp;
				PRODUCT_NAME = "$(TARGET_NAME)";
				SWIFT_VERSION = 3.0;
			};
			name = Debug;
		};
		F4EB00471F8287CD00F19435 /* Release */ = {
			isa = XCBuildConfiguration;
			buildSettings = {
				ASSETCATALOG_COMPILER_APPICON_NAME = AppIcon;
				INFOPLIST_FILE = TestfulApp/Info.plist;
				LD_RUNPATH_SEARCH_PATHS = "$(inherited) @executable_path/Frameworks";
				PRODUCT_BUNDLE_IDENTIFIER = com.dntuanvu.TestfulApp;
				PRODUCT_NAME = "$(TARGET_NAME)";
				SWIFT_VERSION = 3.0;
			};
			name = Release;
		};
		F4EB00491F8287CD00F19435 /* Debug */ = {
			isa = XCBuildConfiguration;
			buildSettings = {
				ALWAYS_EMBED_SWIFT_STANDARD_LIBRARIES = YES;
				BUNDLE_LOADER = "$(TEST_HOST)";
				INFOPLIST_FILE = TestfulAppTests/Info.plist;
				LD_RUNPATH_SEARCH_PATHS = "$(inherited) @executable_path/Frameworks @loader_path/Frameworks";
				PRODUCT_BUNDLE_IDENTIFIER = com.dntuanvu.TestfulAppTests;
				PRODUCT_NAME = "$(TARGET_NAME)";
				SWIFT_VERSION = 3.0;
				TEST_HOST = "$(BUILT_PRODUCTS_DIR)/TestfulApp.app/TestfulApp";
			};
			name = Debug;
		};
		F4EB004A1F8287CD00F19435 /* Release */ = {
			isa = XCBuildConfiguration;
			buildSettings = {
				ALWAYS_EMBED_SWIFT_STANDARD_LIBRARIES = YES;
				BUNDLE_LOADER = "$(TEST_HOST)";
				INFOPLIST_FILE = TestfulAppTests/Info.plist;
				LD_RUNPATH_SEARCH_PATHS = "$(inherited) @executable_path/Frameworks @loader_path/Frameworks";
				PRODUCT_BUNDLE_IDENTIFIER = com.dntuanvu.TestfulAppTests;
				PRODUCT_NAME = "$(TARGET_NAME)";
				SWIFT_VERSION = 3.0;
				TEST_HOST = "$(BUILT_PRODUCTS_DIR)/TestfulApp.app/TestfulApp";
			};
			name = Release;
		};
		F4EB004C1F8287CD00F19435 /* Debug */ = {
			isa = XCBuildConfiguration;
			buildSettings = {
				ALWAYS_EMBED_SWIFT_STANDARD_LIBRARIES = YES;
				INFOPLIST_FILE = TestfulAppUITests/Info.plist;
				LD_RUNPATH_SEARCH_PATHS = "$(inherited) @executable_path/Frameworks @loader_path/Frameworks";
				PRODUCT_BUNDLE_IDENTIFIER = com.dntuanvu.TestfulAppUITests;
				PRODUCT_NAME = "$(TARGET_NAME)";
				SWIFT_VERSION = 3.0;
				TEST_TARGET_NAME = TestfulApp;
			};
			name = Debug;
		};
		F4EB004D1F8287CD00F19435 /* Release */ = {
			isa = XCBuildConfiguration;
			buildSettings = {
				ALWAYS_EMBED_SWIFT_STANDARD_LIBRARIES = YES;
				INFOPLIST_FILE = TestfulAppUITests/Info.plist;
				LD_RUNPATH_SEARCH_PATHS = "$(inherited) @executable_path/Frameworks @loader_path/Frameworks";
				PRODUCT_BUNDLE_IDENTIFIER = com.dntuanvu.TestfulAppUITests;
				PRODUCT_NAME = "$(TARGET_NAME)";
				SWIFT_VERSION = 3.0;
				TEST_TARGET_NAME = TestfulApp;
			};
			name = Release;
		};
/* End XCBuildConfiguration section */

/* Begin XCConfigurationList section */
		F4EB00181F8287CD00F19435 /* Build configuration list for PBXProject "TestfulApp" */ = {
			isa = XCConfigurationList;
			buildConfigurations = (
				F4EB00431F8287CD00F19435 /* Debug */,
				F4EB00441F8287CD00F19435 /* Release */,
			);
			defaultConfigurationIsVisible = 0;
			defaultConfigurationName = Release;
		};
		F4EB00451F8287CD00F19435 /* Build configuration list for PBXNativeTarget "TestfulApp" */ = {
			isa = XCConfigurationList;
			buildConfigurations = (
				F4EB00461F8287CD00F19435 /* Debug */,
				F4EB00471F8287CD00F19435 /* Release */,
			);
			defaultConfigurationIsVisible = 0;
		};
		F4EB00481F8287CD00F19435 /* Build configuration list for PBXNativeTarget "TestfulAppTests" */ = {
			isa = XCConfigurationList;
			buildConfigurations = (
				F4EB00491F8287CD00F19435 /* Debug */,
				F4EB004A1F8287CD00F19435 /* Release */,
			);
			defaultConfigurationIsVisible = 0;
		};
		F4EB004B1F8287CD00F19435 /* Build configuration list for PBXNativeTarget "TestfulAppUITests" */ = {
			isa = XCConfigurationList;
			buildConfigurations = (
				F4EB004C1F8287CD00F19435 /* Debug */,
				F4EB004D1F8287CD00F19435 /* Release */,
			);
			defaultConfigurationIsVisible = 0;
		};
/* End XCConfigurationList section */
	};
	rootObject = F4EB00151F8287CD00F19435 /* Project object */;
}
